
Microsoft Visual Studio Solution File, Format Version 12.00
# Visual Studio Version 16
VisualStudioVersion = 16.0.29806.167
MinimumVisualStudioVersion = 10.0.40219.1
Project("{9A19103F-16F7-4668-BE54-9A1E7A4F7556}") = "NorthwindApiSampler", "NorthwindApiSampler\NorthwindApiSampler.csproj", "{EA1C2B62-0769-4453-9007-7DDCA6270156}"
EndProject
Project("{2150E333-8FDC-42A3-9474-1A3956D46DE8}") = "Solution Items", "Solution Items", "{106CE556-96AE-4C58-90CA-7E5626ED3896}"
	ProjectSection(SolutionItems) = preProject
		home-page.png = home-page.png
		README.md = README.md
	EndProjectSection
EndProject
Project("{FAE04EC0-301F-11D3-BF4B-00C04F79EFBC}") = "NorthwindGrpcClient", "NorthwindGrpcClient\NorthwindGrpcClient.csproj", "{595AB7D0-CE2B-409A-ADEE-F651D74B4D2A}"
EndProject
Project("{FAE04EC0-301F-11D3-BF4B-00C04F79EFBC}") = "NorthwindGraphQLClient", "NorthwindGraphQLClient\NorthwindGraphQLClient.csproj", "{F9D18A95-129F-4036-955B-E975A785CE0A}"
EndProject
Global
	GlobalSection(SolutionConfigurationPlatforms) = preSolution
		Debug|Any CPU = Debug|Any CPU
		Release|Any CPU = Release|Any CPU
	EndGlobalSection
	GlobalSection(ProjectConfigurationPlatforms) = postSolution
		{EA1C2B62-0769-4453-9007-7DDCA6270156}.Debug|Any CPU.ActiveCfg = Debug|Any CPU
		{EA1C2B62-0769-4453-9007-7DDCA6270156}.Debug|Any CPU.Build.0 = Debug|Any CPU
		{EA1C2B62-0769-4453-9007-7DDCA6270156}.Release|Any CPU.ActiveCfg = Release|Any CPU
		{EA1C2B62-0769-4453-9007-7DDCA6270156}.Release|Any CPU.Build.0 = Release|Any CPU
		{595AB7D0-CE2B-409A-ADEE-F651D74B4D2A}.Debug|Any CPU.ActiveCfg = Debug|Any CPU
		{595AB7D0-CE2B-409A-ADEE-F651D74B4D2A}.Debug|Any CPU.Build.0 = Debug|Any CPU
		{595AB7D0-CE2B-409A-ADEE-F651D74B4D2A}.Release|Any CPU.ActiveCfg = Release|Any CPU
		{595AB7D0-CE2B-409A-ADEE-F651D74B4D2A}.Release|Any CPU.Build.0 = Release|Any CPU
		{F9D18A95-129F-4036-955B-E975A785CE0A}.Debug|Any CPU.ActiveCfg = Debug|Any CPU
		{F9D18A95-129F-4036-955B-E975A785CE0A}.Debug|Any CPU.Build.0 = Debug|Any CPU
		{F9D18A95-129F-4036-955B-E975A785CE0A}.Release|Any CPU.ActiveCfg = Release|Any CPU
		{F9D18A95-129F-4036-955B-E975A785CE0A}.Release|Any CPU.Build.0 = Release|Any CPU
	EndGlobalSection
	GlobalSection(SolutionProperties) = preSolution
		HideSolutionNode = FALSE
	EndGlobalSection
	GlobalSection(ExtensibilityGlobals) = postSolution
		SolutionGuid = {08F10AAE-C616-4E11-AEB0-67109267F156}
	EndGlobalSection
EndGlobal
